PODS:
  - Realm (2.3.0):
    - Realm/Headers (= 2.3.0)
  - Realm/Headers (2.3.0)

DEPENDENCIES:
  - Realm

SPEC REPOS:
  https://github.com/cocoapods/specs.git:
    - Realm

SPEC CHECKSUMS:
  Realm: 69d7de9aa569a11eed490aaabc8f2109e3985ecf

PODFILE CHECKSUM: 1c2a70614f37117fc43550bdefafee2e1c4b13c6

COCOAPODS: 1.5.3
