// !$*UTF8*$!
{
	archiveVersion = 1;
	classes = {
	};
	objectVersion = 50;
	objects = {

/* Begin PBXBuildFile section */
		40BE4E85027B692B1582781B /* Pods_TaskRunnerTests.framework in Frameworks */ = {isa = PBXBuildFile; fileRef = E9585A343A2259C6A93736FF /* Pods_TaskRunnerTests.framework */; };
		9DB9C02B457BC7306899A2A5 /* Pods_TaskRunner.framework in Frameworks */ = {isa = PBXBuildFile; fileRef = E3D3F494394983A5D2638D7A /* Pods_TaskRunner.framework */; };
		D79495F0210C32F400508EDA /* AppDelegate.swift in Sources */ = {isa = PBXBuildFile; fileRef = D79495EF210C32F400508EDA /* AppDelegate.swift */; };
		D79495F2210C32F400508EDA /* ViewController.swift in Sources */ = {isa = PBXBuildFile; fileRef = D79495F1210C32F400508EDA /* ViewController.swift */; };
		D79495F5210C32F400508EDA /* Main.storyboard in Resources */ = {isa = PBXBuildFile; fileRef = D79495F3210C32F400508EDA /* Main.storyboard */; };
		D79495F7210C32F600508EDA /* Assets.xcassets in Resources */ = {isa = PBXBuildFile; fileRef = D79495F6210C32F600508EDA /* Assets.xcassets */; };
		D79495FA210C32F600508EDA /* LaunchScreen.storyboard in Resources */ = {isa = PBXBuildFile; fileRef = D79495F8210C32F600508EDA /* LaunchScreen.storyboard */; };
		D7949605210C32F600508EDA /* TaskRunnerTests.swift in Sources */ = {isa = PBXBuildFile; fileRef = D7949604210C32F600508EDA /* TaskRunnerTests.swift */; };
		D7949613210C6B4600508EDA /* RunnerController.swift in Sources */ = {isa = PBXBuildFile; fileRef = D7949612210C6B4600508EDA /* RunnerController.swift */; };
		D7949616210C74FB00508EDA /* TodoEditorController.swift in Sources */ = {isa = PBXBuildFile; fileRef = D7949615210C74FB00508EDA /* TodoEditorController.swift */; };
		D794961E210C762800508EDA /* Task.swift in Sources */ = {isa = PBXBuildFile; fileRef = D794961D210C762800508EDA /* Task.swift */; };
		D7949622210D858500508EDA /* TaskServiceTest.swift in Sources */ = {isa = PBXBuildFile; fileRef = D7949621210D858500508EDA /* TaskServiceTest.swift */; };
		D7949623210F41E000508EDA /* TaskService.swift in Sources */ = {isa = PBXBuildFile; fileRef = D7949619210C75D900508EDA /* TaskService.swift */; };
/* End PBXBuildFile section */

/* Begin PBXContainerItemProxy section */
		D7949601210C32F600508EDA /* PBXContainerItemProxy */ = {
			isa = PBXContainerItemProxy;
			containerPortal = D79495E4210C32F400508EDA /* Project object */;
			proxyType = 1;
			remoteGlobalIDString = D79495EB210C32F400508EDA;
			remoteInfo = TaskRunner;
		};
/* End PBXContainerItemProxy section */

/* Begin PBXFileReference section */
		13E9BEAE21E9D6B03F877C39 /* Pods-TaskRunnerTests.debug.xcconfig */ = {isa = PBXFileReference; includeInIndex = 1; lastKnownFileType = text.xcconfig; name = "Pods-TaskRunnerTests.debug.xcconfig"; path = "Pods/Target Support Files/Pods-TaskRunnerTests/Pods-TaskRunnerTests.debug.xcconfig"; sourceTree = "<group>"; };
		3EC3141FF471C1B94C6703F9 /* Pods-TaskRunner.debug.xcconfig */ = {isa = PBXFileReference; includeInIndex = 1; lastKnownFileType = text.xcconfig; name = "Pods-TaskRunner.debug.xcconfig"; path = "Pods/Target Support Files/Pods-TaskRunner/Pods-TaskRunner.debug.xcconfig"; sourceTree = "<group>"; };
		40A26AC7C55E675CA5F77EC8 /* Pods-TaskRunnerTests.release.xcconfig */ = {isa = PBXFileReference; includeInIndex = 1; lastKnownFileType = text.xcconfig; name = "Pods-TaskRunnerTests.release.xcconfig"; path = "Pods/Target Support Files/Pods-TaskRunnerTests/Pods-TaskRunnerTests.release.xcconfig"; sourceTree = "<group>"; };
		D79495EC210C32F400508EDA /* TaskRunner.app */ = {isa = PBXFileReference; explicitFileType = wrapper.application; includeInIndex = 0; path = TaskRunner.app; sourceTree = BUILT_PRODUCTS_DIR; };
		D79495EF210C32F400508EDA /* AppDelegate.swift */ = {isa = PBXFileReference; lastKnownFileType = sourcecode.swift; path = AppDelegate.swift; sourceTree = "<group>"; };
		D79495F1210C32F400508EDA /* ViewController.swift */ = {isa = PBXFileReference; lastKnownFileType = sourcecode.swift; path = ViewController.swift; sourceTree = "<group>"; };
		D79495F4210C32F400508EDA /* Base */ = {isa = PBXFileReference; lastKnownFileType = file.storyboard; name = Base; path = Base.lproj/Main.storyboard; sourceTree = "<group>"; };
		D79495F6210C32F600508EDA /* Assets.xcassets */ = {isa = PBXFileReference; lastKnownFileType = folder.assetcatalog; path = Assets.xcassets; sourceTree = "<group>"; };
		D79495F9210C32F600508EDA /* Base */ = {isa = PBXFileReference; lastKnownFileType = file.storyboard; name = Base; path = Base.lproj/LaunchScreen.storyboard; sourceTree = "<group>"; };
		D79495FB210C32F600508EDA /* Info.plist */ = {isa = PBXFileReference; lastKnownFileType = text.plist.xml; path = Info.plist; sourceTree = "<group>"; };
		D7949600210C32F600508EDA /* TaskRunnerTests.xctest */ = {isa = PBXFileReference; explicitFileType = wrapper.cfbundle; includeInIndex = 0; path = TaskRunnerTests.xctest; sourceTree = BUILT_PRODUCTS_DIR; };
		D7949604210C32F600508EDA /* TaskRunnerTests.swift */ = {isa = PBXFileReference; lastKnownFileType = sourcecode.swift; path = TaskRunnerTests.swift; sourceTree = "<group>"; };
		D7949606210C32F600508EDA /* Info.plist */ = {isa = PBXFileReference; lastKnownFileType = text.plist.xml; path = Info.plist; sourceTree = "<group>"; };
		D7949612210C6B4600508EDA /* RunnerController.swift */ = {isa = PBXFileReference; lastKnownFileType = sourcecode.swift; path = RunnerController.swift; sourceTree = "<group>"; };
		D7949615210C74FB00508EDA /* TodoEditorController.swift */ = {isa = PBXFileReference; lastKnownFileType = sourcecode.swift; path = TodoEditorController.swift; sourceTree = "<group>"; };
		D7949619210C75D900508EDA /* TaskService.swift */ = {isa = PBXFileReference; lastKnownFileType = sourcecode.swift; path = TaskService.swift; sourceTree = "<group>"; };
		D794961D210C762800508EDA /* Task.swift */ = {isa = PBXFileReference; lastKnownFileType = sourcecode.swift; path = Task.swift; sourceTree = "<group>"; };
		D7949621210D858500508EDA /* TaskServiceTest.swift */ = {isa = PBXFileReference; lastKnownFileType = sourcecode.swift; path = TaskServiceTest.swift; sourceTree = "<group>"; };
		DB0B5891ECFD1A98B0F038B6 /* Pods-TaskRunner.release.xcconfig */ = {isa = PBXFileReference; includeInIndex = 1; lastKnownFileType = text.xcconfig; name = "Pods-TaskRunner.release.xcconfig"; path = "Pods/Target Support Files/Pods-TaskRunner/Pods-TaskRunner.release.xcconfig"; sourceTree = "<group>"; };
		E3D3F494394983A5D2638D7A /* Pods_TaskRunner.framework */ = {isa = PBXFileReference; explicitFileType = wrapper.framework; includeInIndex = 0; path = Pods_TaskRunner.framework; sourceTree = BUILT_PRODUCTS_DIR; };
		E9585A343A2259C6A93736FF /* Pods_TaskRunnerTests.framework */ = {isa = PBXFileReference; explicitFileType = wrapper.framework; includeInIndex = 0; path = Pods_TaskRunnerTests.framework; sourceTree = BUILT_PRODUCTS_DIR; };
/* End PBXFileReference section */

/* Begin PBXFrameworksBuildPhase section */
		D79495E9210C32F400508EDA /* Frameworks */ = {
			isa = PBXFrameworksBuildPhase;
			buildActionMask = 2147483647;
			files = (
				9DB9C02B457BC7306899A2A5 /* Pods_TaskRunner.framework in Frameworks */,
			);
			runOnlyForDeploymentPostprocessing = 0;
		};
		D79495FD210C32F600508EDA /* Frameworks */ = {
			isa = PBXFrameworksBuildPhase;
			buildActionMask = 2147483647;
			files = (
				40BE4E85027B692B1582781B /* Pods_TaskRunnerTests.framework in Frameworks */,
			);
			runOnlyForDeploymentPostprocessing = 0;
		};
/* End PBXFrameworksBuildPhase section */

/* Begin PBXGroup section */
		66660AF6D01168DD7F2987F0 /* Pods */ = {
			isa = PBXGroup;
			children = (
				3EC3141FF471C1B94C6703F9 /* Pods-TaskRunner.debug.xcconfig */,
				DB0B5891ECFD1A98B0F038B6 /* Pods-TaskRunner.release.xcconfig */,
				13E9BEAE21E9D6B03F877C39 /* Pods-TaskRunnerTests.debug.xcconfig */,
				40A26AC7C55E675CA5F77EC8 /* Pods-TaskRunnerTests.release.xcconfig */,
			);
			name = Pods;
			sourceTree = "<group>";
		};
		90FDD844F492A223584FFAA4 /* Frameworks */ = {
			isa = PBXGroup;
			children = (
				E3D3F494394983A5D2638D7A /* Pods_TaskRunner.framework */,
				E9585A343A2259C6A93736FF /* Pods_TaskRunnerTests.framework */,
			);
			name = Frameworks;
			sourceTree = "<group>";
		};
		D79495E3210C32F400508EDA = {
			isa = PBXGroup;
			children = (
				D79495EE210C32F400508EDA /* TaskRunner */,
				D7949603210C32F600508EDA /* TaskRunnerTests */,
				D79495ED210C32F400508EDA /* Products */,
				66660AF6D01168DD7F2987F0 /* Pods */,
				90FDD844F492A223584FFAA4 /* Frameworks */,
			);
			sourceTree = "<group>";
		};
		D79495ED210C32F400508EDA /* Products */ = {
			isa = PBXGroup;
			children = (
				D79495EC210C32F400508EDA /* TaskRunner.app */,
				D7949600210C32F600508EDA /* TaskRunnerTests.xctest */,
			);
			name = Products;
			sourceTree = "<group>";
		};
		D79495EE210C32F400508EDA /* TaskRunner */ = {
			isa = PBXGroup;
			children = (
				D794961C210C761100508EDA /* Objects */,
				D7949618210C75BF00508EDA /* Services */,
				D79495EF210C32F400508EDA /* AppDelegate.swift */,
				D7949612210C6B4600508EDA /* RunnerController.swift */,
				D7949615210C74FB00508EDA /* TodoEditorController.swift */,
				D79495F1210C32F400508EDA /* ViewController.swift */,
				D79495F3210C32F400508EDA /* Main.storyboard */,
				D79495F6210C32F600508EDA /* Assets.xcassets */,
				D79495F8210C32F600508EDA /* LaunchScreen.storyboard */,
				D79495FB210C32F600508EDA /* Info.plist */,
			);
			path = TaskRunner;
			sourceTree = "<group>";
		};
		D7949603210C32F600508EDA /* TaskRunnerTests */ = {
			isa = PBXGroup;
			children = (
				D7949620210D856000508EDA /* Services */,
				D7949604210C32F600508EDA /* TaskRunnerTests.swift */,
				D7949606210C32F600508EDA /* Info.plist */,
			);
			path = TaskRunnerTests;
			sourceTree = "<group>";
		};
		D7949618210C75BF00508EDA /* Services */ = {
			isa = PBXGroup;
			children = (
				D7949619210C75D900508EDA /* TaskService.swift */,
			);
			path = Services;
			sourceTree = "<group>";
		};
		D794961C210C761100508EDA /* Objects */ = {
			isa = PBXGroup;
			children = (
				D794961D210C762800508EDA /* Task.swift */,
			);
			path = Objects;
			sourceTree = "<group>";
		};
		D7949620210D856000508EDA /* Services */ = {
			isa = PBXGroup;
			children = (
				D7949621210D858500508EDA /* TaskServiceTest.swift */,
			);
			path = Services;
			sourceTree = "<group>";
		};
/* End PBXGroup section */

/* Begin PBXNativeTarget section */
		D79495EB210C32F400508EDA /* TaskRunner */ = {
			isa = PBXNativeTarget;
			buildConfigurationList = D7949609210C32F600508EDA /* Build configuration list for PBXNativeTarget "TaskRunner" */;
			buildPhases = (
				7C20B933185819B458CB268E /* [CP] Check Pods Manifest.lock */,
				D79495E8210C32F400508EDA /* Sources */,
				D79495E9210C32F400508EDA /* Frameworks */,
				D79495EA210C32F400508EDA /* Resources */,
				C7A5010BDAD38F0D994ECA0D /* [CP] Embed Pods Frameworks */,
			);
			buildRules = (
			);
			dependencies = (
			);
			name = TaskRunner;
			productName = TaskRunner;
			productReference = D79495EC210C32F400508EDA /* TaskRunner.app */;
			productType = "com.apple.product-type.application";
		};
		D79495FF210C32F600508EDA /* TaskRunnerTests */ = {
			isa = PBXNativeTarget;
			buildConfigurationList = D794960C210C32F600508EDA /* Build configuration list for PBXNativeTarget "TaskRunnerTests" */;
			buildPhases = (
				01C0CF733A4D6E41058209C7 /* [CP] Check Pods Manifest.lock */,
				D79495FC210C32F600508EDA /* Sources */,
				D79495FD210C32F600508EDA /* Frameworks */,
				D79495FE210C32F600508EDA /* Resources */,
			);
			buildRules = (
			);
			dependencies = (
				D7949602210C32F600508EDA /* PBXTargetDependency */,
			);
			name = TaskRunnerTests;
			productName = TaskRunnerTests;
			productReference = D7949600210C32F600508EDA /* TaskRunnerTests.xctest */;
			productType = "com.apple.product-type.bundle.unit-test";
		};
/* End PBXNativeTarget section */

/* Begin PBXProject section */
		D79495E4210C32F400508EDA /* Project object */ = {
			isa = PBXProject;
			attributes = {
				LastSwiftUpdateCheck = 0940;
				LastUpgradeCheck = 0940;
				ORGANIZATIONNAME = "田畑颯";
				TargetAttributes = {
					D79495EB210C32F400508EDA = {
						CreatedOnToolsVersion = 9.4.1;
					};
					D79495FF210C32F600508EDA = {
						CreatedOnToolsVersion = 9.4.1;
						TestTargetID = D79495EB210C32F400508EDA;
					};
				};
			};
			buildConfigurationList = D79495E7210C32F400508EDA /* Build configuration list for PBXProject "TaskRunner" */;
			compatibilityVersion = "Xcode 9.3";
			developmentRegion = en;
			hasScannedForEncodings = 0;
			knownRegions = (
				en,
				Base,
			);
			mainGroup = D79495E3210C32F400508EDA;
			productRefGroup = D79495ED210C32F400508EDA /* Products */;
			projectDirPath = "";
			projectRoot = "";
			targets = (
				D79495EB210C32F400508EDA /* TaskRunner */,
				D79495FF210C32F600508EDA /* TaskRunnerTests */,
			);
		};
/* End PBXProject section */

/* Begin PBXResourcesBuildPhase section */
		D79495EA210C32F400508EDA /* Resources */ = {
			isa = PBXResourcesBuildPhase;
			buildActionMask = 2147483647;
			files = (
				D79495FA210C32F600508EDA /* LaunchScreen.storyboard in Resources */,
				D79495F7210C32F600508EDA /* Assets.xcassets in Resources */,
				D79495F5210C32F400508EDA /* Main.storyboard in Resources */,
			);
			runOnlyForDeploymentPostprocessing = 0;
		};
		D79495FE210C32F600508EDA /* Resources */ = {
			isa = PBXResourcesBuildPhase;
			buildActionMask = 2147483647;
			files = (
			);
			runOnlyForDeploymentPostprocessing = 0;
		};
/* End PBXResourcesBuildPhase section */

/* Begin PBXShellScriptBuildPhase section */
		01C0CF733A4D6E41058209C7 /* [CP] Check Pods Manifest.lock */ = {
			isa = PBXShellScriptBuildPhase;
			buildActionMask = 2147483647;
			files = (
			);
			inputPaths = (
				"${PODS_PODFILE_DIR_PATH}/Podfile.lock",
				"${PODS_ROOT}/Manifest.lock",
			);
			name = "[CP] Check Pods Manifest.lock";
			outputPaths = (
				"$(DERIVED_FILE_DIR)/Pods-TaskRunnerTests-checkManifestLockResult.txt",
			);
			runOnlyForDeploymentPostprocessing = 0;
			shellPath = /bin/sh;
			shellScript = "diff \"${PODS_PODFILE_DIR_PATH}/Podfile.lock\" \"${PODS_ROOT}/Manifest.lock\" > /dev/null\nif [ $? != 0 ] ; then\n    # print error to STDERR\n    echo \"error: The sandbox is not in sync with the Podfile.lock. Run 'pod install' or update your CocoaPods installation.\" >&2\n    exit 1\nfi\n# This output is used by Xcode 'outputs' to avoid re-running this script phase.\necho \"SUCCESS\" > \"${SCRIPT_OUTPUT_FILE_0}\"\n";
			showEnvVarsInLog = 0;
		};
		7C20B933185819B458CB268E /* [CP] Check Pods Manifest.lock */ = {
			isa = PBXShellScriptBuildPhase;
			buildActionMask = 2147483647;
			files = (
			);
			inputPaths = (
				"${PODS_PODFILE_DIR_PATH}/Podfile.lock",
				"${PODS_ROOT}/Manifest.lock",
			);
			name = "[CP] Check Pods Manifest.lock";
			outputPaths = (
				"$(DERIVED_FILE_DIR)/Pods-TaskRunner-checkManifestLockResult.txt",
			);
			runOnlyForDeploymentPostprocessing = 0;
			shellPath = /bin/sh;
			shellScript = "diff \"${PODS_PODFILE_DIR_PATH}/Podfile.lock\" \"${PODS_ROOT}/Manifest.lock\" > /dev/null\nif [ $? != 0 ] ; then\n    # print error to STDERR\n    echo \"error: The sandbox is not in sync with the Podfile.lock. Run 'pod install' or update your CocoaPods installation.\" >&2\n    exit 1\nfi\n# This output is used by Xcode 'outputs' to avoid re-running this script phase.\necho \"SUCCESS\" > \"${SCRIPT_OUTPUT_FILE_0}\"\n";
			showEnvVarsInLog = 0;
		};
		C7A5010BDAD38F0D994ECA0D /* [CP] Embed Pods Frameworks */ = {
			isa = PBXShellScriptBuildPhase;
			buildActionMask = 2147483647;
			files = (
			);
			inputPaths = (
				"${SRCROOT}/Pods/Target Support Files/Pods-TaskRunner/Pods-TaskRunner-frameworks.sh",
				"${BUILT_PRODUCTS_DIR}/Realm/Realm.framework",
				"${BUILT_PRODUCTS_DIR}/RealmSwift/RealmSwift.framework",
			);
			name = "[CP] Embed Pods Frameworks";
			outputPaths = (
				"${TARGET_BUILD_DIR}/${FRAMEWORKS_FOLDER_PATH}/Realm.framework",
				"${TARGET_BUILD_DIR}/${FRAMEWORKS_FOLDER_PATH}/RealmSwift.framework",
			);
			runOnlyForDeploymentPostprocessing = 0;
			shellPath = /bin/sh;
			shellScript = "\"${SRCROOT}/Pods/Target Support Files/Pods-TaskRunner/Pods-TaskRunner-frameworks.sh\"\n";
			showEnvVarsInLog = 0;
		};
/* End PBXShellScriptBuildPhase section */

/* Begin PBXSourcesBuildPhase section */
		D79495E8210C32F400508EDA /* Sources */ = {
			isa = PBXSourcesBuildPhase;
			buildActionMask = 2147483647;
			files = (
				D7949623210F41E000508EDA /* TaskService.swift in Sources */,
				D7949613210C6B4600508EDA /* RunnerController.swift in Sources */,
				D794961E210C762800508EDA /* Task.swift in Sources */,
				D79495F2210C32F400508EDA /* ViewController.swift in Sources */,
				D7949616210C74FB00508EDA /* TodoEditorController.swift in Sources */,
				D79495F0210C32F400508EDA /* AppDelegate.swift in Sources */,
			);
			runOnlyForDeploymentPostprocessing = 0;
		};
		D79495FC210C32F600508EDA /* Sources */ = {
			isa = PBXSourcesBuildPhase;
			buildActionMask = 2147483647;
			files = (
				D7949605210C32F600508EDA /* TaskRunnerTests.swift in Sources */,
				D7949622210D858500508EDA /* TaskServiceTest.swift in Sources */,
			);
			runOnlyForDeploymentPostprocessing = 0;
		};
/* End PBXSourcesBuildPhase section */

/* Begin PBXTargetDependency section */
		D7949602210C32F600508EDA /* PBXTargetDependency */ = {
			isa = PBXTargetDependency;
			target = D79495EB210C32F400508EDA /* TaskRunner */;
			targetProxy = D7949601210C32F600508EDA /* PBXContainerItemProxy */;
		};
/* End PBXTargetDependency section */

/* Begin PBXVariantGroup section */
		D79495F3210C32F400508EDA /* Main.storyboard */ = {
			isa = PBXVariantGroup;
			children = (
				D79495F4210C32F400508EDA /* Base */,
			);
			name = Main.storyboard;
			sourceTree = "<group>";
		};
		D79495F8210C32F600508EDA /* LaunchScreen.storyboard */ = {
			isa = PBXVariantGroup;
			children = (
				D79495F9210C32F600508EDA /* Base */,
			);
			name = LaunchScreen.storyboard;
			sourceTree = "<group>";
		};
/* End PBXVariantGroup section */

/* Begin XCBuildConfiguration section */
		D7949607210C32F600508EDA /* Debug */ = {
			isa = XCBuildConfiguration;
			buildSettings = {
				ALWAYS_SEARCH_USER_PATHS = NO;
				CLANG_ANALYZER_NONNULL = YES;
				CLANG_ANALYZER_NUMBER_OBJECT_CONVERSION = YES_AGGRESSIVE;
				CLANG_CXX_LANGUAGE_STANDARD = "gnu++14";
				CLANG_CXX_LIBRARY = "libc++";
				CLANG_ENABLE_MODULES = YES;
				CLANG_ENABLE_OBJC_ARC = YES;
				CLANG_ENABLE_OBJC_WEAK = YES;
				CLANG_WARN_BLOCK_CAPTURE_AUTORELEASING = YES;
				CLANG_WARN_BOOL_CONVERSION = YES;
				CLANG_WARN_COMMA = YES;
				CLANG_WARN_CONSTANT_CONVERSION = YES;
				CLANG_WARN_DEPRECATED_OBJC_IMPLEMENTATIONS = YES;
				CLANG_WARN_DIRECT_OBJC_ISA_USAGE = YES_ERROR;
				CLANG_WARN_DOCUMENTATION_COMMENTS = YES;
				CLANG_WARN_EMPTY_BODY = YES;
				CLANG_WARN_ENUM_CONVERSION = YES;
				CLANG_WARN_INFINITE_RECURSION = YES;
				CLANG_WARN_INT_CONVERSION = YES;
				CLANG_WARN_NON_LITERAL_NULL_CONVERSION = YES;
				CLANG_WARN_OBJC_IMPLICIT_RETAIN_SELF = YES;
				CLANG_WARN_OBJC_LITERAL_CONVERSION = YES;
				CLANG_WARN_OBJC_ROOT_CLASS = YES_ERROR;
				CLANG_WARN_RANGE_LOOP_ANALYSIS = YES;
				CLANG_WARN_STRICT_PROTOTYPES = YES;
				CLANG_WARN_SUSPICIOUS_MOVE = YES;
				CLANG_WARN_UNGUARDED_AVAILABILITY = YES_AGGRESSIVE;
				CLANG_WARN_UNREACHABLE_CODE = YES;
				CLANG_WARN__DUPLICATE_METHOD_MATCH = YES;
				CODE_SIGN_IDENTITY = "iPhone Developer";
				COPY_PHASE_STRIP = NO;
				DEBUG_INFORMATION_FORMAT = dwarf;
				ENABLE_STRICT_OBJC_MSGSEND = YES;
				ENABLE_TESTABILITY = YES;
				GCC_C_LANGUAGE_STANDARD = gnu11;
				GCC_DYNAMIC_NO_PIC = NO;
				GCC_NO_COMMON_BLOCKS = YES;
				GCC_OPTIMIZATION_LEVEL = 0;
				GCC_PREPROCESSOR_DEFINITIONS = (
					"DEBUG=1",
					"$(inherited)",
				);
				GCC_WARN_64_TO_32_BIT_CONVERSION = YES;
				GCC_WARN_ABOUT_RETURN_TYPE = YES_ERROR;
				GCC_WARN_UNDECLARED_SELECTOR = YES;
				GCC_WARN_UNINITIALIZED_AUTOS = YES_AGGRESSIVE;
				GCC_WARN_UNUSED_FUNCTION = YES;
				GCC_WARN_UNUSED_VARIABLE = YES;
				IPHONEOS_DEPLOYMENT_TARGET = 11.4;
				MTL_ENABLE_DEBUG_INFO = YES;
				ONLY_ACTIVE_ARCH = YES;
				SDKROOT = iphoneos;
				SWIFT_ACTIVE_COMPILATION_CONDITIONS = DEBUG;
				SWIFT_OPTIMIZATION_LEVEL = "-Onone";
			};
			name = Debug;
		};
		D7949608210C32F600508EDA /* Release */ = {
			isa = XCBuildConfiguration;
			buildSettings = {
				ALWAYS_SEARCH_USER_PATHS = NO;
				CLANG_ANALYZER_NONNULL = YES;
				CLANG_ANALYZER_NUMBER_OBJECT_CONVERSION = YES_AGGRESSIVE;
				CLANG_CXX_LANGUAGE_STANDARD = "gnu++14";
				CLANG_CXX_LIBRARY = "libc++";
				CLANG_ENABLE_MODULES = YES;
				CLANG_ENABLE_OBJC_ARC = YES;
				CLANG_ENABLE_OBJC_WEAK = YES;
				CLANG_WARN_BLOCK_CAPTURE_AUTORELEASING = YES;
				CLANG_WARN_BOOL_CONVERSION = YES;
				CLANG_WARN_COMMA = YES;
				CLANG_WARN_CONSTANT_CONVERSION = YES;
				CLANG_WARN_DEPRECATED_OBJC_IMPLEMENTATIONS = YES;
				CLANG_WARN_DIRECT_OBJC_ISA_USAGE = YES_ERROR;
				CLANG_WARN_DOCUMENTATION_COMMENTS = YES;
				CLANG_WARN_EMPTY_BODY = YES;
				CLANG_WARN_ENUM_CONVERSION = YES;
				CLANG_WARN_INFINITE_RECURSION = YES;
				CLANG_WARN_INT_CONVERSION = YES;
				CLANG_WARN_NON_LITERAL_NULL_CONVERSION = YES;
				CLANG_WARN_OBJC_IMPLICIT_RETAIN_SELF = YES;
				CLANG_WARN_OBJC_LITERAL_CONVERSION = YES;
				CLANG_WARN_OBJC_ROOT_CLASS = YES_ERROR;
				CLANG_WARN_RANGE_LOOP_ANALYSIS = YES;
				CLANG_WARN_STRICT_PROTOTYPES = YES;
				CLANG_WARN_SUSPICIOUS_MOVE = YES;
				CLANG_WARN_UNGUARDED_AVAILABILITY = YES_AGGRESSIVE;
				CLANG_WARN_UNREACHABLE_CODE = YES;
				CLANG_WARN__DUPLICATE_METHOD_MATCH = YES;
				CODE_SIGN_IDENTITY = "iPhone Developer";
				COPY_PHASE_STRIP = NO;
				DEBUG_INFORMATION_FORMAT = "dwarf-with-dsym";
				ENABLE_NS_ASSERTIONS = NO;
				ENABLE_STRICT_OBJC_MSGSEND = YES;
				GCC_C_LANGUAGE_STANDARD = gnu11;
				GCC_NO_COMMON_BLOCKS = YES;
				GCC_WARN_64_TO_32_BIT_CONVERSION = YES;
				GCC_WARN_ABOUT_RETURN_TYPE = YES_ERROR;
				GCC_WARN_UNDECLARED_SELECTOR = YES;
				GCC_WARN_UNINITIALIZED_AUTOS = YES_AGGRESSIVE;
				GCC_WARN_UNUSED_FUNCTION = YES;
				GCC_WARN_UNUSED_VARIABLE = YES;
				IPHONEOS_DEPLOYMENT_TARGET = 11.4;
				MTL_ENABLE_DEBUG_INFO = NO;
				SDKROOT = iphoneos;
				SWIFT_COMPILATION_MODE = wholemodule;
				SWIFT_OPTIMIZATION_LEVEL = "-O";
				VALIDATE_PRODUCT = YES;
			};
			name = Release;
		};
		D794960A210C32F600508EDA /* Debug */ = {
			isa = XCBuildConfiguration;
			baseConfigurationReference = 3EC3141FF471C1B94C6703F9 /* Pods-TaskRunner.debug.xcconfig */;
			buildSettings = {
				ASSETCATALOG_COMPILER_APPICON_NAME = AppIcon;
				CODE_SIGN_STYLE = Automatic;
				DEVELOPMENT_TEAM = RB8Z68P6P6;
				INFOPLIST_FILE = TaskRunner/Info.plist;
				LD_RUNPATH_SEARCH_PATHS = (
					"$(inherited)",
					"@executable_path/Frameworks",
				);
				PRODUCT_BUNDLE_IDENTIFIER = com.tabatait.TaskRunner;
				PRODUCT_NAME = "$(TARGET_NAME)";
				SWIFT_VERSION = 4.0;
				TARGETED_DEVICE_FAMILY = "1,2";
			};
			name = Debug;
		};
		D794960B210C32F600508EDA /* Release */ = {
			isa = XCBuildConfiguration;
			baseConfigurationReference = DB0B5891ECFD1A98B0F038B6 /* Pods-TaskRunner.release.xcconfig */;
			buildSettings = {
				ASSETCATALOG_COMPILER_APPICON_NAME = AppIcon;
				CODE_SIGN_STYLE = Automatic;
				DEVELOPMENT_TEAM = RB8Z68P6P6;
				INFOPLIST_FILE = TaskRunner/Info.plist;
				LD_RUNPATH_SEARCH_PATHS = (
					"$(inherited)",
					"@executable_path/Frameworks",
				);
				PRODUCT_BUNDLE_IDENTIFIER = com.tabatait.TaskRunner;
				PRODUCT_NAME = "$(TARGET_NAME)";
				SWIFT_VERSION = 4.0;
				TARGETED_DEVICE_FAMILY = "1,2";
			};
			name = Release;
		};
		D794960D210C32F600508EDA /* Debug */ = {
			isa = XCBuildConfiguration;
			baseConfigurationReference = 13E9BEAE21E9D6B03F877C39 /* Pods-TaskRunnerTests.debug.xcconfig */;
			buildSettings = {
				ALWAYS_EMBED_SWIFT_STANDARD_LIBRARIES = YES;
				BUNDLE_LOADER = "$(TEST_HOST)";
				CODE_SIGN_STYLE = Automatic;
				INFOPLIST_FILE = TaskRunnerTests/Info.plist;
				LD_RUNPATH_SEARCH_PATHS = (
					"$(inherited)",
					"@executable_path/Frameworks",
					"@loader_path/Frameworks",
				);
				PRODUCT_BUNDLE_IDENTIFIER = com.tabatait.TaskRunnerTests;
				PRODUCT_NAME = "$(TARGET_NAME)";
				SWIFT_VERSION = 4.0;
				TARGETED_DEVICE_FAMILY = "1,2";
				TEST_HOST = "$(BUILT_PRODUCTS_DIR)/TaskRunner.app/TaskRunner";
			};
			name = Debug;
		};
		D794960E210C32F600508EDA /* Release */ = {
			isa = XCBuildConfiguration;
			baseConfigurationReference = 40A26AC7C55E675CA5F77EC8 /* Pods-TaskRunnerTests.release.xcconfig */;
			buildSettings = {
				ALWAYS_EMBED_SWIFT_STANDARD_LIBRARIES = YES;
				BUNDLE_LOADER = "$(TEST_HOST)";
				CODE_SIGN_STYLE = Automatic;
				INFOPLIST_FILE = TaskRunnerTests/Info.plist;
				LD_RUNPATH_SEARCH_PATHS = (
					"$(inherited)",
					"@executable_path/Frameworks",
					"@loader_path/Frameworks",
				);
				PRODUCT_BUNDLE_IDENTIFIER = com.tabatait.TaskRunnerTests;
				PRODUCT_NAME = "$(TARGET_NAME)";
				SWIFT_VERSION = 4.0;
				TARGETED_DEVICE_FAMILY = "1,2";
				TEST_HOST = "$(BUILT_PRODUCTS_DIR)/TaskRunner.app/TaskRunner";
			};
			name = Release;
		};
/* End XCBuildConfiguration section */

/* Begin XCConfigurationList section */
		D79495E7210C32F400508EDA /* Build configuration list for PBXProject "TaskRunner" */ = {
			isa = XCConfigurationList;
			buildConfigurations = (
				D7949607210C32F600508EDA /* Debug */,
				D7949608210C32F600508EDA /* Release */,
			);
			defaultConfigurationIsVisible = 0;
			defaultConfigurationName = Release;
		};
		D7949609210C32F600508EDA /* Build configuration list for PBXNativeTarget "TaskRunner" */ = {
			isa = XCConfigurationList;
			buildConfigurations = (
				D794960A210C32F600508EDA /* Debug */,
				D794960B210C32F600508EDA /* Release */,
			);
			defaultConfigurationIsVisible = 0;
			defaultConfigurationName = Release;
		};
		D794960C210C32F600508EDA /* Build configuration list for PBXNativeTarget "TaskRunnerTests" */ = {
			isa = XCConfigurationList;
			buildConfigurations = (
				D794960D210C32F600508EDA /* Debug */,
				D794960E210C32F600508EDA /* Release */,
			);
			defaultConfigurationIsVisible = 0;
			defaultConfigurationName = Release;
		};
/* End XCConfigurationList section */
	};
	rootObject = D79495E4210C32F400508EDA /* Project object */;
}
